
Microsoft Visual Studio Solution File, Format Version 12.00
# Visual Studio Version 17
VisualStudioVersion = 17.14.36811.4 d17.14
MinimumVisualStudioVersion = 10.0.40219.1
Project("{FAE04EC0-301F-11D3-BF4B-00C04F79EFBC}") = "MBM-API", "MBM-API\MBM-API.csproj", "{7FF8C718-6841-4952-BBCF-94CD9DF2BADE}"
EndProject
Global
	GlobalSection(SolutionConfigurationPlatforms) = preSolution
		Debug|Any CPU = Debug|Any CPU
		Release|Any CPU = Release|Any CPU
	EndGlobalSection
	GlobalSection(ProjectConfigurationPlatforms) = postSolution
		{7FF8C718-6841-4952-BBCF-94CD9DF2BADE}.Debug|Any CPU.ActiveCfg = Debug|Any CPU
		{7FF8C718-6841-4952-BBCF-94CD9DF2BADE}.Debug|Any CPU.Build.0 = Debug|Any CPU
		{7FF8C718-6841-4952-BBCF-94CD9DF2BADE}.Release|Any CPU.ActiveCfg = Release|Any CPU
		{7FF8C718-6841-4952-BBCF-94CD9DF2BADE}.Release|Any CPU.Build.0 = Release|Any CPU
	EndGlobalSection
	GlobalSection(SolutionProperties) = preSolution
		HideSolutionNode = FALSE
	EndGlobalSection
	GlobalSection(ExtensibilityGlobals) = postSolution
		SolutionGuid = {CBF71353-8F8E-4DF4-A9B5-0B802C0C3D03}
	EndGlobalSection
EndGlobal
